
Microsoft Visual Studio Solution File, Format Version 12.00
# Visual Studio Version 17
VisualStudioVersion = 17.1.32319.34
MinimumVisualStudioVersion = 10.0.40219.1
Project("{8BC9CEB8-8B4A-11D0-8D11-00A0C91BC942}") = "RealX-Renderer", "RealX-Renderer\RealX-Renderer.vcxproj", "{188606AE-B8D6-4CEB-BB3F-44B19247A503}"
EndProject
Global
	GlobalSection(SolutionConfigurationPlatforms) = preSolution
		Debug|x64 = Debug|x64
		Debug|x86 = Debug|x86
		Release|x64 = Release|x64
		Release|x86 = Release|x86
	EndGlobalSection
	GlobalSection(ProjectConfigurationPlatforms) = postSolution
		{188606AE-B8D6-4CEB-BB3F-44B19247A503}.Debug|x64.ActiveCfg = Debug|x64
		{188606AE-B8D6-4CEB-BB3F-44B19247A503}.Debug|x64.Build.0 = Debug|x64
		{188606AE-B8D6-4CEB-BB3F-44B19247A503}.Debug|x86.ActiveCfg = Debug|Win32
		{188606AE-B8D6-4CEB-BB3F-44B19247A503}.Debug|x86.Build.0 = Debug|Win32
		{188606AE-B8D6-4CEB-BB3F-44B19247A503}.Release|x64.ActiveCfg = Release|x64
		{188606AE-B8D6-4CEB-BB3F-44B19247A503}.Release|x64.Build.0 = Release|x64
		{188606AE-B8D6-4CEB-BB3F-44B19247A503}.Release|x86.ActiveCfg = Release|Win32
		{188606AE-B8D6-4CEB-BB3F-44B19247A503}.Release|x86.Build.0 = Release|Win32
	EndGlobalSection
	GlobalSection(SolutionProperties) = preSolution
		HideSolutionNode = FALSE
	EndGlobalSection
	GlobalSection(ExtensibilityGlobals) = postSolution
		SolutionGuid = {F548D286-2FEE-42AE-8333-54215EA2A5B0}
	EndGlobalSection
EndGlobal
